// !$*UTF8*$!
{
	archiveVersion = 1;
	classes = {
	};
	objectVersion = 46;
	objects = {

/* Begin PBXBuildFile section */
		119F4258A7F598CDB0DF5A12 /* main.m */ = {isa = PBXBuildFile; fileRef = 09174A89AEFBB813F3AB0450 /* main.m */; };
		1C24478D8705BD9CB933A4F1 /* testview.c */ = {isa = PBXBuildFile; fileRef = 4BEC4FB8832925AE6A0D681C /* testview.c */; };
		83314374996A8A28A9AB52A6 /* libphone.c */ = {isa = PBXBuildFile; fileRef = 57574D1BB1B64D3AFE8A3CD3 /* libphone.c */; };
		A59A41F08E712BDCFFE61296 /* testtimer.c */ = {isa = PBXBuildFile; fileRef = 6DD14FE4800807FA0F6C2710 /* testtimer.c */; };
		ABC14A0880C7B0F50DB545D8 /* test.c */ = {isa = PBXBuildFile; fileRef = FD71419BA71DBDAF57C7DBBE /* test.c */; };
		C6FC4DB18DDFB20E1E1A1848 /* iosphone.m */ = {isa = PBXBuildFile; fileRef = 117D42E8922319383EDA3251 /* iosphone.m */; };
/* End PBXBuildFile section */

/* Begin PBXFileReference section */
		09174A89AEFBB813F3AB0450 /* main.m */ = {isa = PBXFileReference; lastKnownFileType = sourcecode.c.objc; name = main.m; path = ../../test/ios/main.m; sourceTree = SOURCE_ROOT; };
		117D42E8922319383EDA3251 /* iosphone.m */ = {isa = PBXFileReference; lastKnownFileType = sourcecode.c.objc; name = iosphone.m; path = ../../src/ios/iosphone.m; sourceTree = SOURCE_ROOT; };
		3FA169A51D2C978C00B82066 /* test.app */ = {isa = PBXFileReference; explicitFileType = wrapper.application; includeInIndex = 0; path = test.app; sourceTree = BUILT_PRODUCTS_DIR; };
		3FA169B91D2C978C00B82066 /* Info.plist */ = {isa = PBXFileReference; lastKnownFileType = text.plist.xml; path = Info.plist; sourceTree = "<group>"; };
		4BEC4FB8832925AE6A0D681C /* testview.c */ = {isa = PBXFileReference; lastKnownFileType = sourcecode.c.c; name = testview.c; path = ../../test/testview.c; sourceTree = SOURCE_ROOT; };
		57574D1BB1B64D3AFE8A3CD3 /* libphone.c */ = {isa = PBXFileReference; lastKnownFileType = sourcecode.c.c; name = libphone.c; path = ../../src/libphone.c; sourceTree = SOURCE_ROOT; };
		6DD14FE4800807FA0F6C2710 /* testtimer.c */ = {isa = PBXFileReference; lastKnownFileType = sourcecode.c.c; name = testtimer.c; path = ../../test/testtimer.c; sourceTree = SOURCE_ROOT; };
		FD71419BA71DBDAF57C7DBBE /* test.c */ = {isa = PBXFileReference; lastKnownFileType = sourcecode.c.c; name = test.c; path = ../../test/test.c; sourceTree = SOURCE_ROOT; };
/* End PBXFileReference section */

/* Begin PBXFrameworksBuildPhase section */
		3FA169A21D2C978C00B82066 /* Frameworks */ = {
			isa = PBXFrameworksBuildPhase;
			buildActionMask = 2147483647;
			files = (
			);
			runOnlyForDeploymentPostprocessing = 0;
		};
/* End PBXFrameworksBuildPhase section */

/* Begin PBXGroup section */
		3FA1699C1D2C978C00B82066 /*  */ = {
			isa = PBXGroup;
			children = (
				3FA169A71D2C978C00B82066 /* test */,
				3FA169A61D2C978C00B82066 /* Products */,
				57574D1BB1B64D3AFE8A3CD3 /* libphone.c */,
				117D42E8922319383EDA3251 /* iosphone.m */,
				FD71419BA71DBDAF57C7DBBE /* test.c */,
				6DD14FE4800807FA0F6C2710 /* testtimer.c */,
				4BEC4FB8832925AE6A0D681C /* testview.c */,
				09174A89AEFBB813F3AB0450 /* main.m */,
			);
			sourceTree = "<group>";
		};
		3FA169A61D2C978C00B82066 /* Products */ = {
			isa = PBXGroup;
			children = (
				3FA169A51D2C978C00B82066 /* test.app */,
			);
			name = Products;
			sourceTree = "<group>";
		};
		3FA169A71D2C978C00B82066 /* test */ = {
			isa = PBXGroup;
			children = (
				3FA169B91D2C978C00B82066 /* Info.plist */,
			);
			path = test;
			sourceTree = "<group>";
		};
/* End PBXGroup section */

/* Begin PBXNativeTarget section */
		3FA169A41D2C978C00B82066 /* test */ = {
			isa = PBXNativeTarget;
			buildConfigurationList = 3FA169BC1D2C978C00B82066 /* Build configuration list for PBXNativeTarget "test" */;
			buildPhases = (
				3FA169A11D2C978C00B82066 /* Sources */,
				3FA169A21D2C978C00B82066 /* Frameworks */,
				3FA169A31D2C978C00B82066 /* Resources */,
			);
			buildRules = (
			);
			dependencies = (
			);
			name = test;
			productName = test;
			productReference = 3FA169A51D2C978C00B82066 /* test.app */;
			productType = com.apple.product-type.application;
		};
/* End PBXNativeTarget section */

/* Begin PBXProject section */
		3FA1699D1D2C978C00B82066 /* Project object */ = {
			isa = PBXProject;
			attributes = {
				LastUpgradeCheck = 0730;
				ORGANIZATIONNAME = libphone;
				TargetAttributes = {
					3FA169A41D2C978C00B82066 = {
						CreatedOnToolsVersion = 7.3.1;
					};
				};
			};
			buildConfigurationList = 3FA169A01D2C978C00B82066 /* Build configuration list for PBXProject "Unity-iPhone" */;
			compatibilityVersion = "Xcode 3.2";
			developmentRegion = English;
			hasScannedForEncodings = 0;
			knownRegions = (
				en,
				Base,
			);
			mainGroup = 3FA1699C1D2C978C00B82066 /*  */;
			productRefGroup = 3FA169A61D2C978C00B82066 /* Products */;
			projectDirPath = "";
			projectRoot = "";
			targets = (
				3FA169A41D2C978C00B82066 /* test */,
			);
		};
/* End PBXProject section */

/* Begin PBXResourcesBuildPhase section */
		3FA169A31D2C978C00B82066 /* Resources */ = {
			isa = PBXResourcesBuildPhase;
			buildActionMask = 2147483647;
			files = (
			);
			runOnlyForDeploymentPostprocessing = 0;
		};
/* End PBXResourcesBuildPhase section */

/* Begin PBXSourcesBuildPhase section */
		3FA169A11D2C978C00B82066 /* Sources */ = {
			isa = PBXSourcesBuildPhase;
			buildActionMask = 2147483647;
			files = (
				83314374996A8A28A9AB52A6 /* libphone.c */,
				C6FC4DB18DDFB20E1E1A1848 /* iosphone.m */,
				ABC14A0880C7B0F50DB545D8 /* test.c */,
				A59A41F08E712BDCFFE61296 /* testtimer.c */,
				1C24478D8705BD9CB933A4F1 /* testview.c */,
				119F4258A7F598CDB0DF5A12 /* main.m */,
			);
			runOnlyForDeploymentPostprocessing = 0;
		};
/* End PBXSourcesBuildPhase section */

/* Begin XCBuildConfiguration section */
		3FA169BA1D2C978C00B82066 /* Debug */ = {
			isa = XCBuildConfiguration;
			buildSettings = {
				ALWAYS_SEARCH_USER_PATHS = NO;
				CLANG_ANALYZER_NONNULL = YES;
				CLANG_CXX_LANGUAGE_STANDARD = "gnu++0x";
				CLANG_CXX_LIBRARY = "libc++";
				CLANG_ENABLE_MODULES = YES;
				CLANG_ENABLE_OBJC_ARC = YES;
				CLANG_WARN_BOOL_CONVERSION = YES;
				CLANG_WARN_CONSTANT_CONVERSION = YES;
				CLANG_WARN_DIRECT_OBJC_ISA_USAGE = YES_ERROR;
				CLANG_WARN_EMPTY_BODY = YES;
				CLANG_WARN_ENUM_CONVERSION = YES;
				CLANG_WARN_INT_CONVERSION = YES;
				CLANG_WARN_OBJC_ROOT_CLASS = YES_ERROR;
				CLANG_WARN_UNREACHABLE_CODE = YES;
				CLANG_WARN__DUPLICATE_METHOD_MATCH = YES;
				"CODE_SIGN_IDENTITY[sdk=iphoneos*]" = "iPhone Developer";
				COPY_PHASE_STRIP = NO;
				DEBUG_INFORMATION_FORMAT = dwarf;
				ENABLE_STRICT_OBJC_MSGSEND = YES;
				ENABLE_TESTABILITY = YES;
				GCC_C_LANGUAGE_STANDARD = gnu99;
				GCC_DYNAMIC_NO_PIC = NO;
				GCC_NO_COMMON_BLOCKS = YES;
				GCC_OPTIMIZATION_LEVEL = 0;
				GCC_PREPROCESSOR_DEFINITIONS = (
					"DEBUG=1",
					"$(inherited)",
				);
				GCC_WARN_64_TO_32_BIT_CONVERSION = YES;
				GCC_WARN_ABOUT_RETURN_TYPE = YES_ERROR;
				GCC_WARN_UNDECLARED_SELECTOR = YES;
				GCC_WARN_UNINITIALIZED_AUTOS = YES_AGGRESSIVE;
				GCC_WARN_UNUSED_FUNCTION = YES;
				GCC_WARN_UNUSED_VARIABLE = YES;
				HEADER_SEARCH_PATHS = (
					"$(SRCROOT)/../../include",
					"$(SRCROOT)/../../src",
					"$(SRCROOT)/../../test",
				);
				INFOPLIST_FILE = "$(SRCROOT)/Info.plist";
				IPHONEOS_DEPLOYMENT_TARGET = 9.3;
				MTL_ENABLE_DEBUG_INFO = YES;
				ONLY_ACTIVE_ARCH = YES;
				PRODUCT_BUNDLE_IDENTIFIER = libphone.test;
				SDKROOT = iphoneos;
				TARGETED_DEVICE_FAMILY = "1,2";
			};
			name = Debug;
		};
		3FA169BB1D2C978C00B82066 /* Release */ = {
			isa = XCBuildConfiguration;
			buildSettings = {
				ALWAYS_SEARCH_USER_PATHS = NO;
				CLANG_ANALYZER_NONNULL = YES;
				CLANG_CXX_LANGUAGE_STANDARD = "gnu++0x";
				CLANG_CXX_LIBRARY = "libc++";
				CLANG_ENABLE_MODULES = YES;
				CLANG_ENABLE_OBJC_ARC = YES;
				CLANG_WARN_BOOL_CONVERSION = YES;
				CLANG_WARN_CONSTANT_CONVERSION = YES;
				CLANG_WARN_DIRECT_OBJC_ISA_USAGE = YES_ERROR;
				CLANG_WARN_EMPTY_BODY = YES;
				CLANG_WARN_ENUM_CONVERSION = YES;
				CLANG_WARN_INT_CONVERSION = YES;
				CLANG_WARN_OBJC_ROOT_CLASS = YES_ERROR;
				CLANG_WARN_UNREACHABLE_CODE = YES;
				CLANG_WARN__DUPLICATE_METHOD_MATCH = YES;
				"CODE_SIGN_IDENTITY[sdk=iphoneos*]" = "iPhone Developer";
				COPY_PHASE_STRIP = NO;
				DEBUG_INFORMATION_FORMAT = dwarf-with-dsym;
				ENABLE_NS_ASSERTIONS = NO;
				ENABLE_STRICT_OBJC_MSGSEND = YES;
				GCC_C_LANGUAGE_STANDARD = gnu99;
				GCC_NO_COMMON_BLOCKS = YES;
				GCC_WARN_64_TO_32_BIT_CONVERSION = YES;
				GCC_WARN_ABOUT_RETURN_TYPE = YES_ERROR;
				GCC_WARN_UNDECLARED_SELECTOR = YES;
				GCC_WARN_UNINITIALIZED_AUTOS = YES_AGGRESSIVE;
				GCC_WARN_UNUSED_FUNCTION = YES;
				GCC_WARN_UNUSED_VARIABLE = YES;
				HEADER_SEARCH_PATHS = (
					"$(SRCROOT)/../../include",
					"$(SRCROOT)/../../src",
					"$(SRCROOT)/../../test",
				);
				INFOPLIST_FILE = "$(SRCROOT)/Info.plist";
				IPHONEOS_DEPLOYMENT_TARGET = 9.3;
				MTL_ENABLE_DEBUG_INFO = NO;
				PRODUCT_BUNDLE_IDENTIFIER = libphone.test;
				SDKROOT = iphoneos;
				TARGETED_DEVICE_FAMILY = "1,2";
				VALIDATE_PRODUCT = YES;
			};
			name = Release;
		};
		3FA169BD1D2C978C00B82066 /* Debug */ = {
			isa = XCBuildConfiguration;
			buildSettings = {
				HEADER_SEARCH_PATHS = (
					"$(SRCROOT)/../../include",
					"$(SRCROOT)/../../src",
					"$(SRCROOT)/../../test",
				);
				INFOPLIST_FILE = "$(SRCROOT)/Info.plist";
				LD_RUNPATH_SEARCH_PATHS = "$(inherited) @executable_path/Frameworks";
				PRODUCT_BUNDLE_IDENTIFIER = libphone.test;
				PRODUCT_NAME = "$(TARGET_NAME)";
			};
			name = Debug;
		};
		3FA169BE1D2C978C00B82066 /* Release */ = {
			isa = XCBuildConfiguration;
			buildSettings = {
				HEADER_SEARCH_PATHS = (
					"$(SRCROOT)/../../include",
					"$(SRCROOT)/../../src",
					"$(SRCROOT)/../../test",
				);
				INFOPLIST_FILE = "$(SRCROOT)/Info.plist";
				LD_RUNPATH_SEARCH_PATHS = "$(inherited) @executable_path/Frameworks";
				PRODUCT_BUNDLE_IDENTIFIER = libphone.test;
				PRODUCT_NAME = "$(TARGET_NAME)";
			};
			name = Release;
		};
/* End XCBuildConfiguration section */

/* Begin XCConfigurationList section */
		3FA169A01D2C978C00B82066 /* Build configuration list for PBXProject "Unity-iPhone" */ = {
			isa = XCConfigurationList;
			buildConfigurations = (
				3FA169BA1D2C978C00B82066 /* Debug */,
				3FA169BB1D2C978C00B82066 /* Release */,
			);
			defaultConfigurationIsVisible = 0;
			defaultConfigurationName = Release;
		};
		3FA169BC1D2C978C00B82066 /* Build configuration list for PBXNativeTarget "test" */ = {
			isa = XCConfigurationList;
			buildConfigurations = (
				3FA169BD1D2C978C00B82066 /* Debug */,
				3FA169BE1D2C978C00B82066 /* Release */,
			);
			defaultConfigurationIsVisible = 0;
		};
/* End XCConfigurationList section */
	};
	rootObject = 3FA1699D1D2C978C00B82066 /* Project object */;
}